
Microsoft Visual Studio Solution File, Format Version 12.00
# Visual Studio Version 17
VisualStudioVersion = 17.11.35312.102
MinimumVisualStudioVersion = 10.0.40219.1
Project("{8BC9CEB8-8B4A-11D0-8D11-00A0C91BC942}") = "StacksConstantTimeAssignment", "StacksConstantTimeAssignment\StacksConstantTimeAssignment.vcxproj", "{A7E20632-07C0-48B1-ABB2-60B3BBC00D94}"
EndProject
Global
	GlobalSection(SolutionConfigurationPlatforms) = preSolution
		Debug|x64 = Debug|x64
		Debug|x86 = Debug|x86
		Release|x64 = Release|x64
		Release|x86 = Release|x86
	EndGlobalSection
	GlobalSection(ProjectConfigurationPlatforms) = postSolution
		{A7E20632-07C0-48B1-ABB2-60B3BBC00D94}.Debug|x64.ActiveCfg = Debug|x64
		{A7E20632-07C0-48B1-ABB2-60B3BBC00D94}.Debug|x64.Build.0 = Debug|x64
		{A7E20632-07C0-48B1-ABB2-60B3BBC00D94}.Debug|x86.ActiveCfg = Debug|Win32
		{A7E20632-07C0-48B1-ABB2-60B3BBC00D94}.Debug|x86.Build.0 = Debug|Win32
		{A7E20632-07C0-48B1-ABB2-60B3BBC00D94}.Release|x64.ActiveCfg = Release|x64
		{A7E20632-07C0-48B1-ABB2-60B3BBC00D94}.Release|x64.Build.0 = Release|x64
		{A7E20632-07C0-48B1-ABB2-60B3BBC00D94}.Release|x86.ActiveCfg = Release|Win32
		{A7E20632-07C0-48B1-ABB2-60B3BBC00D94}.Release|x86.Build.0 = Release|Win32
	EndGlobalSection
	GlobalSection(SolutionProperties) = preSolution
		HideSolutionNode = FALSE
	EndGlobalSection
	GlobalSection(ExtensibilityGlobals) = postSolution
		SolutionGuid = {04DA042E-1A75-4262-BAC4-4ED1E4C149DB}
	EndGlobalSection
EndGlobal
